{
  "name": "tomhodson.github.com",
  "lockfileVersion": 3,
  "requires": true,
  "packages": {
    "": {
      "dependencies": {
        "es-module-shims": "^1.8.1",
        "mathjax": "^3.2.2",
        "three": "^0.158.0"
      }
    },
    "node_modules/es-module-shims": {
      "version": "1.8.1",
      "resolved": "https://registry.npmjs.org/es-module-shims/-/es-module-shims-1.8.1.tgz",
      "integrity": "sha512-egouQrkryAJpKHVDZICQq5+fW4z1RomzVJpicA+8yqUHzKkTuMeoHaNIZ7PsWDnRl0ImCEVJEpW/aVb6JYKVJg=="
    },
    "node_modules/mathjax": {
      "version": "3.2.2",
      "resolved": "https://registry.npmjs.org/mathjax/-/mathjax-3.2.2.tgz",
      "integrity": "sha512-Bt+SSVU8eBG27zChVewOicYs7Xsdt40qm4+UpHyX7k0/O9NliPc+x77k1/FEsPsjKPZGJvtRZM1vO+geW0OhGw=="
    },
    "node_modules/three": {
      "version": "0.158.0",
      "resolved": "https://registry.npmjs.org/three/-/three-0.158.0.tgz",
      "integrity": "sha512-TALj4EOpdDPF1henk2Q+s17K61uEAAWQ7TJB68nr7FKxqwyDr3msOt5IWdbGm4TaWKjrtWS8DJJWe9JnvsWOhQ=="
    }
  }
}
